
Microsoft Visual Studio Solution File, Format Version 12.00
# Visual Studio 15
VisualStudioVersion = 15.0.27130.2027
MinimumVisualStudioVersion = 10.0.40219.1
Project("{FAE04EC0-301F-11D3-BF4B-00C04F79EFBC}") = "SecretChord", "SecretChord\SecretChord.csproj", "{E60A55F3-5EB3-406E-8D74-0399815EFCD1}"
EndProject
Project("{FAE04EC0-301F-11D3-BF4B-00C04F79EFBC}") = "DbConnector", "DbConnector\DbConnector.csproj", "{AAFD7F36-26F2-45F4-81B8-6F9C6A6F4AB8}"
EndProject
Global
	GlobalSection(SolutionConfigurationPlatforms) = preSolution
		Debug|Any CPU = Debug|Any CPU
		Release|Any CPU = Release|Any CPU
	EndGlobalSection
	GlobalSection(ProjectConfigurationPlatforms) = postSolution
		{E60A55F3-5EB3-406E-8D74-0399815EFCD1}.Debug|Any CPU.ActiveCfg = Debug|Any CPU
		{E60A55F3-5EB3-406E-8D74-0399815EFCD1}.Debug|Any CPU.Build.0 = Debug|Any CPU
		{E60A55F3-5EB3-406E-8D74-0399815EFCD1}.Release|Any CPU.ActiveCfg = Release|Any CPU
		{E60A55F3-5EB3-406E-8D74-0399815EFCD1}.Release|Any CPU.Build.0 = Release|Any CPU
		{AAFD7F36-26F2-45F4-81B8-6F9C6A6F4AB8}.Debug|Any CPU.ActiveCfg = Debug|Any CPU
		{AAFD7F36-26F2-45F4-81B8-6F9C6A6F4AB8}.Debug|Any CPU.Build.0 = Debug|Any CPU
		{AAFD7F36-26F2-45F4-81B8-6F9C6A6F4AB8}.Release|Any CPU.ActiveCfg = Release|Any CPU
		{AAFD7F36-26F2-45F4-81B8-6F9C6A6F4AB8}.Release|Any CPU.Build.0 = Release|Any CPU
	EndGlobalSection
	GlobalSection(SolutionProperties) = preSolution
		HideSolutionNode = FALSE
	EndGlobalSection
	GlobalSection(ExtensibilityGlobals) = postSolution
		SolutionGuid = {B664C995-3FC5-4F92-825A-AF6D39EE69F7}
	EndGlobalSection
EndGlobal
